{
  "nodes": {
    "fenix": {
      "inputs": {
        "nixpkgs": [
          "nixpkgs"
        ],
        "rust-analyzer-src": "rust-analyzer-src"
      },
      "locked": {
        "lastModified": 1661581637,
        "narHash": "sha256-Z1FtMPFoUUGqedmwpdXycRrQsVPvJk1LByOcd+FhTuc=",
        "owner": "nix-community",
        "repo": "fenix",
        "rev": "962dafad624929bf713b6e9da38aeb8818da219e",
        "type": "github"
      },
      "original": {
        "owner": "nix-community",
        "repo": "fenix",
        "type": "github"
      }
    },
    "flake-utils": {
      "locked": {
        "lastModified": 1659877975,
        "narHash": "sha256-zllb8aq3YO3h8B/U0/J1WBgAL8EX5yWf5pMj3G0NAmc=",
        "owner": "numtide",
        "repo": "flake-utils",
        "rev": "c0e246b9b83f637f4681389ecabcb2681b4f3af0",
        "type": "github"
      },
      "original": {
        "owner": "numtide",
        "repo": "flake-utils",
        "type": "github"
      }
    },
    "flake-utils_2": {
      "locked": {
        "lastModified": 1631561581,
        "narHash": "sha256-3VQMV5zvxaVLvqqUrNz3iJelLw30mIVSfZmAaauM3dA=",
        "owner": "numtide",
        "repo": "flake-utils",
        "rev": "7e5bf3925f6fbdfaf50a2a7ca0be2879c4261d19",
        "type": "github"
      },
      "original": {
        "owner": "numtide",
        "repo": "flake-utils",
        "type": "github"
      }
    },
    "flake-utils_3": {
      "locked": {
        "lastModified": 1659877975,
        "narHash": "sha256-zllb8aq3YO3h8B/U0/J1WBgAL8EX5yWf5pMj3G0NAmc=",
        "owner": "numtide",
        "repo": "flake-utils",
        "rev": "c0e246b9b83f637f4681389ecabcb2681b4f3af0",
        "type": "github"
      },
      "original": {
        "owner": "numtide",
        "repo": "flake-utils",
        "type": "github"
      }
    },
    "ipld": {
      "inputs": {
        "lean": [
          "lean"
        ],
        "nixpkgs": [
          "nixpkgs"
        ],
        "utils": "utils"
      },
      "locked": {
        "lastModified": 1660160611,
        "narHash": "sha256-JEPuvpoolWWgs6HI+Na2MtoJ64SfN51HJA+XIB4AjUE=",
        "owner": "yatima-inc",
        "repo": "Ipld.lean",
        "rev": "66957120705d384ea2445fa080a8155eb3104ea7",
        "type": "github"
      },
      "original": {
        "owner": "yatima-inc",
        "repo": "Ipld.lean",
        "type": "github"
      }
    },
    "lean": {
      "inputs": {
        "flake-utils": [
          "flake-utils"
        ],
        "lean-stage0": "lean-stage0",
        "lean4-mode": "lean4-mode",
        "nix": "nix",
        "nixpkgs": [
          "nixpkgs"
        ]
      },
      "locked": {
        "lastModified": 1659891095,
        "narHash": "sha256-cKDC4HuOPKad7Hj3+xqXvOmX5JRtZ5kuykQJ+RqBk1c=",
        "owner": "leanprover",
        "repo": "lean4",
        "rev": "578adcd7f047c4879f144614a114fb212916bd40",
        "type": "github"
      },
      "original": {
        "owner": "leanprover",
        "ref": "v4.0.0-m5",
        "repo": "lean4",
        "type": "github"
      }
    },
    "lean-stage0": {
      "locked": {
        "lastModified": 0,
        "narHash": "sha256-3K/43lSW4WIHNG+HHVKCD1odS63mHuaQ4ueHyTIkcls=",
        "owner": "leanprover",
        "repo": "lean4",
        "rev": "0000000000000000000000000000000000000000",
        "type": "github"
      },
      "original": {
        "owner": "leanprover",
        "repo": "lean4",
        "type": "github"
      }
    },
    "lean4-mode": {
      "flake": false,
      "locked": {
        "lastModified": 1656864638,
        "narHash": "sha256-Th+IOKGspSZEXJZMnoP9GqsuVZLt137JfgZg7Q0sHxQ=",
        "owner": "leanprover",
        "repo": "lean4-mode",
        "rev": "f23510741b3291d8f9797df9407b1e45d7f22b23",
        "type": "github"
      },
      "original": {
        "owner": "leanprover",
        "repo": "lean4-mode",
        "type": "github"
      }
    },
    "lowdown-src": {
      "flake": false,
      "locked": {
        "lastModified": 1633514407,
        "narHash": "sha256-Dw32tiMjdK9t3ETl5fzGrutQTzh2rufgZV4A/BbxuD4=",
        "owner": "kristapsdz",
        "repo": "lowdown",
        "rev": "d2c2b44ff6c27b936ec27358a2653caaef8f73b8",
        "type": "github"
      },
      "original": {
        "owner": "kristapsdz",
        "repo": "lowdown",
        "type": "github"
      }
    },
    "naersk": {
      "inputs": {
        "nixpkgs": [
          "ipld",
          "utils",
          "nixpkgs"
        ]
      },
      "locked": {
        "lastModified": 1618844365,
        "narHash": "sha256-Z9t0rr+5OG/ru3jdg3jivfYVU4ydV/nqt8UwIut7uHs=",
        "owner": "yatima-inc",
        "repo": "naersk",
        "rev": "32e3ba39d9d83098b13720a4384bdda191dd0445",
        "type": "github"
      },
      "original": {
        "owner": "yatima-inc",
        "repo": "naersk",
        "type": "github"
      }
    },
    "naersk_2": {
      "inputs": {
        "nixpkgs": [
          "nixpkgs"
        ]
      },
      "locked": {
        "lastModified": 1659610603,
        "narHash": "sha256-LYgASYSPYo7O71WfeUOaEUzYfzuXm8c8eavJcel+pfI=",
        "owner": "nix-community",
        "repo": "naersk",
        "rev": "c6a45e4277fa58abd524681466d3450f896dc094",
        "type": "github"
      },
      "original": {
        "owner": "nix-community",
        "repo": "naersk",
        "type": "github"
      }
    },
    "nix": {
      "inputs": {
        "lowdown-src": "lowdown-src",
        "nixpkgs": "nixpkgs",
        "nixpkgs-regression": "nixpkgs-regression"
      },
      "locked": {
        "lastModified": 1657097207,
        "narHash": "sha256-SmeGmjWM3fEed3kQjqIAO8VpGmkC2sL1aPE7kKpK650=",
        "owner": "NixOS",
        "repo": "nix",
        "rev": "f6316b49a0c37172bca87ede6ea8144d7d89832f",
        "type": "github"
      },
      "original": {
        "owner": "NixOS",
        "repo": "nix",
        "type": "github"
      }
    },
    "nixpkgs": {
      "locked": {
        "lastModified": 1653988320,
        "narHash": "sha256-ZaqFFsSDipZ6KVqriwM34T739+KLYJvNmCWzErjAg7c=",
        "owner": "NixOS",
        "repo": "nixpkgs",
        "rev": "2fa57ed190fd6c7c746319444f34b5917666e5c1",
        "type": "github"
      },
      "original": {
        "owner": "NixOS",
        "ref": "nixos-22.05-small",
        "repo": "nixpkgs",
        "type": "github"
      }
    },
    "nixpkgs-regression": {
      "locked": {
        "lastModified": 1643052045,
        "narHash": "sha256-uGJ0VXIhWKGXxkeNnq4TvV3CIOkUJ3PAoLZ3HMzNVMw=",
        "owner": "NixOS",
        "repo": "nixpkgs",
        "rev": "215d4d0fd80ca5163643b03a33fde804a29cc1e2",
        "type": "github"
      },
      "original": {
        "owner": "NixOS",
        "repo": "nixpkgs",
        "rev": "215d4d0fd80ca5163643b03a33fde804a29cc1e2",
        "type": "github"
      }
    },
    "nixpkgs_2": {
      "locked": {
        "lastModified": 1661361016,
        "narHash": "sha256-Bjf6ZDnDc6glTwIIItvwfcaeJ5zWFM6GYfPajSArdUY=",
        "owner": "NixOS",
        "repo": "nixpkgs",
        "rev": "b784c5ae63dd288375af1b4d37b8a27dd8061887",
        "type": "github"
      },
      "original": {
        "id": "nixpkgs",
        "ref": "nixos-unstable",
        "type": "indirect"
      }
    },
    "root": {
      "inputs": {
        "fenix": "fenix",
        "flake-utils": "flake-utils",
        "ipld": "ipld",
        "lean": "lean",
        "naersk": "naersk_2",
        "nixpkgs": "nixpkgs_2",
        "yatima-std": "yatima-std"
      }
    },
    "rust-analyzer-src": {
      "flake": false,
      "locked": {
        "lastModified": 1661539193,
        "narHash": "sha256-LJ+Ry218HavJKZDBpexiASLE4k1k4nhaZv8qb1YvG5Y=",
        "owner": "rust-lang",
        "repo": "rust-analyzer",
        "rev": "6bea872edd9523a06213270f68725c9fe33f3919",
        "type": "github"
      },
      "original": {
        "owner": "rust-lang",
        "ref": "nightly",
        "repo": "rust-analyzer",
        "type": "github"
      }
    },
    "utils": {
      "inputs": {
        "flake-utils": "flake-utils_2",
        "naersk": "naersk",
        "nixpkgs": [
          "ipld",
          "nixpkgs"
        ]
      },
      "locked": {
        "lastModified": 1648465689,
        "narHash": "sha256-uLj4w3Fed3cEC3tLvYOi869/n0+bkHLiNpAuZO+ozjY=",
        "owner": "yatima-inc",
        "repo": "nix-utils",
        "rev": "f946f004282a29e83778135de1c2e54ffb60a97d",
        "type": "github"
      },
      "original": {
        "owner": "yatima-inc",
        "repo": "nix-utils",
        "type": "github"
      }
    },
    "yatima-std": {
      "inputs": {
        "flake-utils": "flake-utils_3",
        "lean": [
          "lean"
        ],
        "nixpkgs": [
          "nixpkgs"
        ]
      },
      "locked": {
        "lastModified": 1661614330,
        "narHash": "sha256-O8L9mCv6auj3aX6LeZuJBDcyRF/OgV6xF0WJ0Z1Kt8o=",
        "owner": "anderssorby",
        "repo": "YatimaStdLib.lean",
        "rev": "f53fa3dc20bb788189e34db09b8ce0b925ee2fbe",
        "type": "github"
      },
      "original": {
        "owner": "anderssorby",
        "ref": "acs/add-flake",
        "repo": "YatimaStdLib.lean",
        "type": "github"
      }
    }
  },
  "root": "root",
  "version": 7
}
